Microsoft Visual Studio Solution File, Format Version 12.00
# Visual Studio Version 17
VisualStudioVersion = 17.5.2.0
MinimumVisualStudioVersion = 10.0.40219.1
Project("{FAE04EC0-301F-11D3-BF4B-00C04F79EFBC}") = "FintechWalletApi", "FintechWalletApi\FintechWalletApi.csproj", "{E69E2506-0CE9-D30E-FC07-00D7282D4832}"
EndProject
Global
	GlobalSection(SolutionConfigurationPlatforms) = preSolution
		Debug|Any CPU = Debug|Any CPU
		Release|Any CPU = Release|Any CPU
	EndGlobalSection
	GlobalSection(ProjectConfigurationPlatforms) = postSolution
		{E69E2506-0CE9-D30E-FC07-00D7282D4832}.Debug|Any CPU.ActiveCfg = Debug|Any CPU
		{E69E2506-0CE9-D30E-FC07-00D7282D4832}.Debug|Any CPU.Build.0 = Debug|Any CPU
		{E69E2506-0CE9-D30E-FC07-00D7282D4832}.Release|Any CPU.ActiveCfg = Release|Any CPU
		{E69E2506-0CE9-D30E-FC07-00D7282D4832}.Release|Any CPU.Build.0 = Release|Any CPU
	EndGlobalSection
	GlobalSection(SolutionProperties) = preSolution
		HideSolutionNode = FALSE
	EndGlobalSection
	GlobalSection(ExtensibilityGlobals) = postSolution
		SolutionGuid = {AB6C94D8-96B4-4B2D-B271-8C238B4501BE}
	EndGlobalSection
EndGlobal
